// !$*UTF8*$!
{
	archiveVersion = 1;
	classes = {
	};
	objectVersion = 46;
	objects = {

/* Begin PBXBuildFile section */
		9C500ADD190B9E5000FA0773 /* background.gif in Resources */ = {isa = PBXBuildFile; fileRef = 9C500AA9190B9E5000FA0773 /* background.gif */; };
		9C500ADE190B9E5000FA0773 /* Cargar.gif in Resources */ = {isa = PBXBuildFile; fileRef = 9C500AAA190B9E5000FA0773 /* Cargar.gif */; };
		9C500ADF190B9E5000FA0773 /* Felicidades.gif in Resources */ = {isa = PBXBuildFile; fileRef = 9C500AAB190B9E5000FA0773 /* Felicidades.gif */; };
		9C500AE0190B9E5000FA0773 /* Instrucciones.gif in Resources */ = {isa = PBXBuildFile; fileRef = 9C500AAC190B9E5000FA0773 /* Instrucciones.gif */; };
		9C500AE1190B9E5000FA0773 /* iPipe.gif in Resources */ = {isa = PBXBuildFile; fileRef = 9C500AAD190B9E5000FA0773 /* iPipe.gif */; };
		9C500AE2190B9E5000FA0773 /* Play.gif in Resources */ = {isa = PBXBuildFile; fileRef = 9C500AAE190B9E5000FA0773 /* Play.gif */; };
		9C500AE3190B9E5000FA0773 /* Scores.gif in Resources */ = {isa = PBXBuildFile; fileRef = 9C500AAF190B9E5000FA0773 /* Scores.gif */; };
		9C500AE4190B9E5000FA0773 /* star.gif in Resources */ = {isa = PBXBuildFile; fileRef = 9C500AB0190B9E5000FA0773 /* star.gif */; };
		9C500AE5190B9E5000FA0773 /* DDMAppDelegate.m in Sources */ = {isa = PBXBuildFile; fileRef = 9C500AB2190B9E5000FA0773 /* DDMAppDelegate.m */; };
		9C500AE6190B9E5000FA0773 /* DDMCargarCellTableViewCell.m in Sources */ = {isa = PBXBuildFile; fileRef = 9C500AB4190B9E5000FA0773 /* DDMCargarCellTableViewCell.m */; };
		9C500AE7190B9E5000FA0773 /* DDMCargarViewController.m in Sources */ = {isa = PBXBuildFile; fileRef = 9C500AB6190B9E5000FA0773 /* DDMCargarViewController.m */; };
		9C500AE8190B9E5000FA0773 /* DDMInstruccionesViewController.m in Sources */ = {isa = PBXBuildFile; fileRef = 9C500AB8190B9E5000FA0773 /* DDMInstruccionesViewController.m */; };
		9C500AE9190B9E5000FA0773 /* DDMjuegoNuevoViewController.m in Sources */ = {isa = PBXBuildFile; fileRef = 9C500ABA190B9E5000FA0773 /* DDMjuegoNuevoViewController.m */; };
		9C500AEA190B9E5000FA0773 /* DDMJuegoViewController.m in Sources */ = {isa = PBXBuildFile; fileRef = 9C500ABC190B9E5000FA0773 /* DDMJuegoViewController.m */; };
		9C500AEB190B9E5000FA0773 /* DDMManejoDB.m in Sources */ = {isa = PBXBuildFile; fileRef = 9C500ABE190B9E5000FA0773 /* DDMManejoDB.m */; };
		9C500AEC190B9E5000FA0773 /* DDMMenuViewController.m in Sources */ = {isa = PBXBuildFile; fileRef = 9C500AC0190B9E5000FA0773 /* DDMMenuViewController.m */; };
		9C500AED190B9E5000FA0773 /* DDMMuestraTipViewController.m in Sources */ = {isa = PBXBuildFile; fileRef = 9C500AC2190B9E5000FA0773 /* DDMMuestraTipViewController.m */; };
		9C500AEE190B9E5000FA0773 /* DDMPipe.m in Sources */ = {isa = PBXBuildFile; fileRef = 9C500AC4190B9E5000FA0773 /* DDMPipe.m */; };
		9C500AEF190B9E5000FA0773 /* DDMTile.m in Sources */ = {isa = PBXBuildFile; fileRef = 9C500AC7190B9E5000FA0773 /* DDMTile.m */; };
		9C500AF0190B9E5000FA0773 /* InfoPlist.strings in Resources */ = {isa = PBXBuildFile; fileRef = 9C500AC8190B9E5000FA0773 /* InfoPlist.strings */; };
		9C500AF8190B9E5000FA0773 /* Images.xcassets in Resources */ = {isa = PBXBuildFile; fileRef = 9C500AD2190B9E5000FA0773 /* Images.xcassets */; };
		9C500AF9190B9E5000FA0773 /* iPipe-Info.plist in Resources */ = {isa = PBXBuildFile; fileRef = 9C500AD3190B9E5000FA0773 /* iPipe-Info.plist */; };
		9C500AFB190B9E5000FA0773 /* main.m in Sources */ = {isa = PBXBuildFile; fileRef = 9C500AD7190B9E5000FA0773 /* main.m */; };
		9C500AFC190B9E5000FA0773 /* Model.xcdatamodeld in Sources */ = {isa = PBXBuildFile; fileRef = 9C500AD8190B9E5000FA0773 /* Model.xcdatamodeld */; };
		9C500AFD190B9E5000FA0773 /* Storyboard.storyboard in Resources */ = {isa = PBXBuildFile; fileRef = 9C500ADA190B9E5000FA0773 /* Storyboard.storyboard */; };
		9C7679AC19140285004A39E3 /* dl.png in Resources */ = {isa = PBXBuildFile; fileRef = 9C76799D19140285004A39E3 /* dl.png */; };
		9C7679AD19140285004A39E3 /* dlw.png in Resources */ = {isa = PBXBuildFile; fileRef = 9C76799E19140285004A39E3 /* dlw.png */; };
		9C7679AE19140285004A39E3 /* dr.png in Resources */ = {isa = PBXBuildFile; fileRef = 9C76799F19140285004A39E3 /* dr.png */; };
		9C7679AF19140285004A39E3 /* drain.png in Resources */ = {isa = PBXBuildFile; fileRef = 9C7679A019140285004A39E3 /* drain.png */; };
		9C7679B019140285004A39E3 /* drw.png in Resources */ = {isa = PBXBuildFile; fileRef = 9C7679A119140285004A39E3 /* drw.png */; };
		9C7679B119140285004A39E3 /* faucet.png in Resources */ = {isa = PBXBuildFile; fileRef = 9C7679A219140285004A39E3 /* faucet.png */; };
		9C7679B219140285004A39E3 /* fondo.png in Resources */ = {isa = PBXBuildFile; fileRef = 9C7679A319140285004A39E3 /* fondo.png */; };
		9C7679B319140285004A39E3 /* lr.png in Resources */ = {isa = PBXBuildFile; fileRef = 9C7679A419140285004A39E3 /* lr.png */; };
		9C7679B419140285004A39E3 /* lrw.png in Resources */ = {isa = PBXBuildFile; fileRef = 9C7679A519140285004A39E3 /* lrw.png */; };
		9C7679B519140285004A39E3 /* ud.png in Resources */ = {isa = PBXBuildFile; fileRef = 9C7679A619140285004A39E3 /* ud.png */; };
		9C7679B619140285004A39E3 /* udw.png in Resources */ = {isa = PBXBuildFile; fileRef = 9C7679A719140285004A39E3 /* udw.png */; };
		9C7679B719140285004A39E3 /* ul.png in Resources */ = {isa = PBXBuildFile; fileRef = 9C7679A819140285004A39E3 /* ul.png */; };
		9C7679B819140285004A39E3 /* ulw.png in Resources */ = {isa = PBXBuildFile; fileRef = 9C7679A919140285004A39E3 /* ulw.png */; };
		9C7679B919140285004A39E3 /* ur.png in Resources */ = {isa = PBXBuildFile; fileRef = 9C7679AA19140285004A39E3 /* ur.png */; };
		9C7679BA19140285004A39E3 /* urw.png in Resources */ = {isa = PBXBuildFile; fileRef = 9C7679AB19140285004A39E3 /* urw.png */; };
		9C7679BC1914774D004A39E3 /* prog.jpg in Resources */ = {isa = PBXBuildFile; fileRef = 9C7679BB1914774D004A39E3 /* prog.jpg */; };
		C4292E1D18E4FA2F0048B63E /* Foundation.framework in Frameworks */ = {isa = PBXBuildFile; fileRef = C4292E1C18E4FA2F0048B63E /* Foundation.framework */; };
		C4292E1F18E4FA2F0048B63E /* CoreGraphics.framework in Frameworks */ = {isa = PBXBuildFile; fileRef = C4292E1E18E4FA2F0048B63E /* CoreGraphics.framework */; };
		C4292E2118E4FA2F0048B63E /* UIKit.framework in Frameworks */ = {isa = PBXBuildFile; fileRef = C4292E2018E4FA2F0048B63E /* UIKit.framework */; };
		C4292E3618E4FA2F0048B63E /* XCTest.framework in Frameworks */ = {isa = PBXBuildFile; fileRef = C4292E3518E4FA2F0048B63E /* XCTest.framework */; };
		C4292E3718E4FA2F0048B63E /* Foundation.framework in Frameworks */ = {isa = PBXBuildFile; fileRef = C4292E1C18E4FA2F0048B63E /* Foundation.framework */; };
		C4292E3818E4FA2F0048B63E /* UIKit.framework in Frameworks */ = {isa = PBXBuildFile; fileRef = C4292E2018E4FA2F0048B63E /* UIKit.framework */; };
		C4292E4018E4FA2F0048B63E /* InfoPlist.strings in Resources */ = {isa = PBXBuildFile; fileRef = C4292E3E18E4FA2F0048B63E /* InfoPlist.strings */; };
		C4292E4218E4FA2F0048B63E /* iPipeTests.m in Sources */ = {isa = PBXBuildFile; fileRef = C4292E4118E4FA2F0048B63E /* iPipeTests.m */; };
		C4835166191D485500C4A919 /* water.gif in Resources */ = {isa = PBXBuildFile; fileRef = C4835165191D485400C4A919 /* water.gif */; };
		C4835168191D591D00C4A919 /* botonSalir.png in Resources */ = {isa = PBXBuildFile; fileRef = C4835167191D591D00C4A919 /* botonSalir.png */; };
		C483516A191D59CF00C4A919 /* empezar.png in Resources */ = {isa = PBXBuildFile; fileRef = C4835169191D59CF00C4A919 /* empezar.png */; };
		C483516C191D5C5D00C4A919 /* queuebg.jpg in Resources */ = {isa = PBXBuildFile; fileRef = C483516B191D5C5D00C4A919 /* queuebg.jpg */; };
		C4835173191D685C00C4A919 /* waterPantallas.mp3 in Resources */ = {isa = PBXBuildFile; fileRef = C4835171191D685C00C4A919 /* waterPantallas.mp3 */; };
		C4835174191D685C00C4A919 /* waterJuego.mp3 in Resources */ = {isa = PBXBuildFile; fileRef = C4835172191D685C00C4A919 /* waterJuego.mp3 */; };
		DAAD954D1921A339005D16CC /* DDMRankingViewController.m in Sources */ = {isa = PBXBuildFile; fileRef = DAAD954C1921A339005D16CC /* DDMRankingViewController.m */; };
		DAAD95501921A4D8005D16CC /* DDMRankingTableViewCell.m in Sources */ = {isa = PBXBuildFile; fileRef = DAAD954F1921A4D8005D16CC /* DDMRankingTableViewCell.m */; };
		DAC199D419225741004BEA6B /* 0.png in Resources */ = {isa = PBXBuildFile; fileRef = DAC199CE19225741004BEA6B /* 0.png */; };
		DAC199D519225741004BEA6B /* 1.png in Resources */ = {isa = PBXBuildFile; fileRef = DAC199CF19225741004BEA6B /* 1.png */; };
		DAC199D619225741004BEA6B /* 2.png in Resources */ = {isa = PBXBuildFile; fileRef = DAC199D019225741004BEA6B /* 2.png */; };
		DAC199D719225741004BEA6B /* 3.png in Resources */ = {isa = PBXBuildFile; fileRef = DAC199D119225741004BEA6B /* 3.png */; };
		DAC199D819225741004BEA6B /* 4.png in Resources */ = {isa = PBXBuildFile; fileRef = DAC199D219225741004BEA6B /* 4.png */; };
		DAC199D919225741004BEA6B /* 5.png in Resources */ = {isa = PBXBuildFile; fileRef = DAC199D319225741004BEA6B /* 5.png */; };
		DAC199DB19225F61004BEA6B /* guardar.png in Resources */ = {isa = PBXBuildFile; fileRef = DAC199DA19225F61004BEA6B /* guardar.png */; };
		DAC199DF19226E5C004BEA6B /* av.jpg in Resources */ = {isa = PBXBuildFile; fileRef = DAC199DC19226E5C004BEA6B /* av.jpg */; };
		DAC199E019226E5C004BEA6B /* tec.jpg in Resources */ = {isa = PBXBuildFile; fileRef = DAC199DD19226E5C004BEA6B /* tec.jpg */; };
		DAC199E119226E5C004BEA6B /* pepsico.jpg in Resources */ = {isa = PBXBuildFile; fileRef = DAC199DE19226E5C004BEA6B /* pepsico.jpg */; };
		DAC199E419227092004BEA6B /* DDMCreditosViewController.m in Sources */ = {isa = PBXBuildFile; fileRef = DAC199E319227092004BEA6B /* DDMCreditosViewController.m */; };
		DAD0D85A191E7DB30057B3BD /* Juego.m in Sources */ = {isa = PBXBuildFile; fileRef = DAD0D859191E7DB30057B3BD /* Juego.m */; };
		DAD0D85D191E7DB40057B3BD /* Tip.m in Sources */ = {isa = PBXBuildFile; fileRef = DAD0D85C191E7DB40057B3BD /* Tip.m */; };
		DAD0D860191E7DB40057B3BD /* Ranking.m in Sources */ = {isa = PBXBuildFile; fileRef = DAD0D85F191E7DB40057B3BD /* Ranking.m */; };
/* End PBXBuildFile section */

/* Begin PBXContainerItemProxy section */
		C4292E3918E4FA2F0048B63E /* PBXContainerItemProxy */ = {
			isa = PBXContainerItemProxy;
			containerPortal = C4292E1118E4FA2F0048B63E /* Project object */;
			proxyType = 1;
			remoteGlobalIDString = C4292E1818E4FA2F0048B63E;
			remoteInfo = iPipe;
		};
/* End PBXContainerItemProxy section */

/* Begin PBXFileReference section */
		9C500AA9190B9E5000FA0773 /* background.gif */ = {isa = PBXFileReference; lastKnownFileType = image.gif; path = background.gif; sourceTree = "<group>"; };
		9C500AAA190B9E5000FA0773 /* Cargar.gif */ = {isa = PBXFileReference; lastKnownFileType = image.gif; path = Cargar.gif; sourceTree = "<group>"; };
		9C500AAB190B9E5000FA0773 /* Felicidades.gif */ = {isa = PBXFileReference; lastKnownFileType = image.gif; path = Felicidades.gif; sourceTree = "<group>"; };
		9C500AAC190B9E5000FA0773 /* Instrucciones.gif */ = {isa = PBXFileReference; lastKnownFileType = image.gif; path = Instrucciones.gif; sourceTree = "<group>"; };
		9C500AAD190B9E5000FA0773 /* iPipe.gif */ = {isa = PBXFileReference; lastKnownFileType = image.gif; path = iPipe.gif; sourceTree = "<group>"; };
		9C500AAE190B9E5000FA0773 /* Play.gif */ = {isa = PBXFileReference; lastKnownFileType = image.gif; path = Play.gif; sourceTree = "<group>"; };
		9C500AAF190B9E5000FA0773 /* Scores.gif */ = {isa = PBXFileReference; lastKnownFileType = image.gif; path = Scores.gif; sourceTree = "<group>"; };
		9C500AB0190B9E5000FA0773 /* star.gif */ = {isa = PBXFileReference; lastKnownFileType = image.gif; path = star.gif; sourceTree = "<group>"; };
		9C500AB1190B9E5000FA0773 /* DDMAppDelegate.h */ = {isa = PBXFileReference; fileEncoding = 4; lastKnownFileType = sourcecode.c.h; path = DDMAppDelegate.h; sourceTree = "<group>"; };
		9C500AB2190B9E5000FA0773 /* DDMAppDelegate.m */ = {isa = PBXFileReference; fileEncoding = 4; lastKnownFileType = sourcecode.c.objc; path = DDMAppDelegate.m; sourceTree = "<group>"; };
		9C500AB3190B9E5000FA0773 /* DDMCargarCellTableViewCell.h */ = {isa = PBXFileReference; fileEncoding = 4; lastKnownFileType = sourcecode.c.h; path = DDMCargarCellTableViewCell.h; sourceTree = "<group>"; };
		9C500AB4190B9E5000FA0773 /* DDMCargarCellTableViewCell.m */ = {isa = PBXFileReference; fileEncoding = 4; lastKnownFileType = sourcecode.c.objc; path = DDMCargarCellTableViewCell.m; sourceTree = "<group>"; };
		9C500AB5190B9E5000FA0773 /* DDMCargarViewController.h */ = {isa = PBXFileReference; fileEncoding = 4; lastKnownFileType = sourcecode.c.h; path = DDMCargarViewController.h; sourceTree = "<group>"; };
		9C500AB6190B9E5000FA0773 /* DDMCargarViewController.m */ = {isa = PBXFileReference; fileEncoding = 4; lastKnownFileType = sourcecode.c.objc; path = DDMCargarViewController.m; sourceTree = "<group>"; };
		9C500AB7190B9E5000FA0773 /* DDMInstruccionesViewController.h */ = {isa = PBXFileReference; fileEncoding = 4; lastKnownFileType = sourcecode.c.h; path = DDMInstruccionesViewController.h; sourceTree = "<group>"; };
		9C500AB8190B9E5000FA0773 /* DDMInstruccionesViewController.m */ = {isa = PBXFileReference; fileEncoding = 4; lastKnownFileType = sourcecode.c.objc; path = DDMInstruccionesViewController.m; sourceTree = "<group>"; };
		9C500AB9190B9E5000FA0773 /* DDMjuegoNuevoViewController.h */ = {isa = PBXFileReference; fileEncoding = 4; lastKnownFileType = sourcecode.c.h; path = DDMjuegoNuevoViewController.h; sourceTree = "<group>"; };
		9C500ABA190B9E5000FA0773 /* DDMjuegoNuevoViewController.m */ = {isa = PBXFileReference; fileEncoding = 4; lastKnownFileType = sourcecode.c.objc; path = DDMjuegoNuevoViewController.m; sourceTree = "<group>"; };
		9C500ABB190B9E5000FA0773 /* DDMJuegoViewController.h */ = {isa = PBXFileReference; fileEncoding = 4; lastKnownFileType = sourcecode.c.h; path = DDMJuegoViewController.h; sourceTree = "<group>"; };
		9C500ABC190B9E5000FA0773 /* DDMJuegoViewController.m */ = {isa = PBXFileReference; fileEncoding = 4; lastKnownFileType = sourcecode.c.objc; path = DDMJuegoViewController.m; sourceTree = "<group>"; };
		9C500ABD190B9E5000FA0773 /* DDMManejoDB.h */ = {isa = PBXFileReference; fileEncoding = 4; lastKnownFileType = sourcecode.c.h; path = DDMManejoDB.h; sourceTree = "<group>"; };
		9C500ABE190B9E5000FA0773 /* DDMManejoDB.m */ = {isa = PBXFileReference; fileEncoding = 4; lastKnownFileType = sourcecode.c.objc; path = DDMManejoDB.m; sourceTree = "<group>"; };
		9C500ABF190B9E5000FA0773 /* DDMMenuViewController.h */ = {isa = PBXFileReference; fileEncoding = 4; lastKnownFileType = sourcecode.c.h; path = DDMMenuViewController.h; sourceTree = "<group>"; };
		9C500AC0190B9E5000FA0773 /* DDMMenuViewController.m */ = {isa = PBXFileReference; fileEncoding = 4; lastKnownFileType = sourcecode.c.objc; path = DDMMenuViewController.m; sourceTree = "<group>"; };
		9C500AC1190B9E5000FA0773 /* DDMMuestraTipViewController.h */ = {isa = PBXFileReference; fileEncoding = 4; lastKnownFileType = sourcecode.c.h; path = DDMMuestraTipViewController.h; sourceTree = "<group>"; };
		9C500AC2190B9E5000FA0773 /* DDMMuestraTipViewController.m */ = {isa = PBXFileReference; fileEncoding = 4; lastKnownFileType = sourcecode.c.objc; path = DDMMuestraTipViewController.m; sourceTree = "<group>"; };
		9C500AC3190B9E5000FA0773 /* DDMPipe.h */ = {isa = PBXFileReference; fileEncoding = 4; lastKnownFileType = sourcecode.c.h; path = DDMPipe.h; sourceTree = "<group>"; };
		9C500AC4190B9E5000FA0773 /* DDMPipe.m */ = {isa = PBXFileReference; fileEncoding = 4; lastKnownFileType = sourcecode.c.objc; path = DDMPipe.m; sourceTree = "<group>"; };
		9C500AC5190B9E5000FA0773 /* DDMTieneJuego.h */ = {isa = PBXFileReference; fileEncoding = 4; lastKnownFileType = sourcecode.c.h; path = DDMTieneJuego.h; sourceTree = "<group>"; };
		9C500AC6190B9E5000FA0773 /* DDMTile.h */ = {isa = PBXFileReference; fileEncoding = 4; lastKnownFileType = sourcecode.c.h; path = DDMTile.h; sourceTree = "<group>"; };
		9C500AC7190B9E5000FA0773 /* DDMTile.m */ = {isa = PBXFileReference; fileEncoding = 4; lastKnownFileType = sourcecode.c.objc; path = DDMTile.m; sourceTree = "<group>"; };
		9C500AC9190B9E5000FA0773 /* en */ = {isa = PBXFileReference; lastKnownFileType = text.plist.strings; name = en; path = en.lproj/InfoPlist.strings; sourceTree = "<group>"; };
		9C500AD2190B9E5000FA0773 /* Images.xcassets */ = {isa = PBXFileReference; lastKnownFileType = folder.assetcatalog; path = Images.xcassets; sourceTree = "<group>"; };
		9C500AD3190B9E5000FA0773 /* iPipe-Info.plist */ = {isa = PBXFileReference; fileEncoding = 4; lastKnownFileType = text.plist.xml; path = "iPipe-Info.plist"; sourceTree = "<group>"; };
		9C500AD4190B9E5000FA0773 /* iPipe-Prefix.pch */ = {isa = PBXFileReference; fileEncoding = 4; lastKnownFileType = sourcecode.c.h; path = "iPipe-Prefix.pch"; sourceTree = "<group>"; };
		9C500AD7190B9E5000FA0773 /* main.m */ = {isa = PBXFileReference; fileEncoding = 4; lastKnownFileType = sourcecode.c.objc; path = main.m; sourceTree = "<group>"; };
		9C500AD9190B9E5000FA0773 /* Model.xcdatamodel */ = {isa = PBXFileReference; lastKnownFileType = wrapper.xcdatamodel; path = Model.xcdatamodel; sourceTree = "<group>"; };
		9C500ADA190B9E5000FA0773 /* Storyboard.storyboard */ = {isa = PBXFileReference; fileEncoding = 4; lastKnownFileType = file.storyboard; path = Storyboard.storyboard; sourceTree = "<group>"; };
		9C76799D19140285004A39E3 /* dl.png */ = {isa = PBXFileReference; lastKnownFileType = image.png; path = dl.png; sourceTree = "<group>"; };
		9C76799E19140285004A39E3 /* dlw.png */ = {isa = PBXFileReference; lastKnownFileType = image.png; path = dlw.png; sourceTree = "<group>"; };
		9C76799F19140285004A39E3 /* dr.png */ = {isa = PBXFileReference; lastKnownFileType = image.png; path = dr.png; sourceTree = "<group>"; };
		9C7679A019140285004A39E3 /* drain.png */ = {isa = PBXFileReference; lastKnownFileType = image.png; path = drain.png; sourceTree = "<group>"; };
		9C7679A119140285004A39E3 /* drw.png */ = {isa = PBXFileReference; lastKnownFileType = image.png; path = drw.png; sourceTree = "<group>"; };
		9C7679A219140285004A39E3 /* faucet.png */ = {isa = PBXFileReference; lastKnownFileType = image.png; path = faucet.png; sourceTree = "<group>"; };
		9C7679A319140285004A39E3 /* fondo.png */ = {isa = PBXFileReference; lastKnownFileType = image.png; path = fondo.png; sourceTree = "<group>"; };
		9C7679A419140285004A39E3 /* lr.png */ = {isa = PBXFileReference; lastKnownFileType = image.png; path = lr.png; sourceTree = "<group>"; };
		9C7679A519140285004A39E3 /* lrw.png */ = {isa = PBXFileReference; lastKnownFileType = image.png; path = lrw.png; sourceTree = "<group>"; };
		9C7679A619140285004A39E3 /* ud.png */ = {isa = PBXFileReference; lastKnownFileType = image.png; path = ud.png; sourceTree = "<group>"; };
		9C7679A719140285004A39E3 /* udw.png */ = {isa = PBXFileReference; lastKnownFileType = image.png; path = udw.png; sourceTree = "<group>"; };
		9C7679A819140285004A39E3 /* ul.png */ = {isa = PBXFileReference; lastKnownFileType = image.png; path = ul.png; sourceTree = "<group>"; };
		9C7679A919140285004A39E3 /* ulw.png */ = {isa = PBXFileReference; lastKnownFileType = image.png; path = ulw.png; sourceTree = "<group>"; };
		9C7679AA19140285004A39E3 /* ur.png */ = {isa = PBXFileReference; lastKnownFileType = image.png; path = ur.png; sourceTree = "<group>"; };
		9C7679AB19140285004A39E3 /* urw.png */ = {isa = PBXFileReference; lastKnownFileType = image.png; path = urw.png; sourceTree = "<group>"; };
		9C7679BB1914774D004A39E3 /* prog.jpg */ = {isa = PBXFileReference; lastKnownFileType = image.jpeg; path = prog.jpg; sourceTree = "<group>"; };
		C4292E1918E4FA2F0048B63E /* iPipe.app */ = {isa = PBXFileReference; explicitFileType = wrapper.application; includeInIndex = 0; path = iPipe.app; sourceTree = BUILT_PRODUCTS_DIR; };
		C4292E1C18E4FA2F0048B63E /* Foundation.framework */ = {isa = PBXFileReference; lastKnownFileType = wrapper.framework; name = Foundation.framework; path = System/Library/Frameworks/Foundation.framework; sourceTree = SDKROOT; };
		C4292E1E18E4FA2F0048B63E /* CoreGraphics.framework */ = {isa = PBXFileReference; lastKnownFileType = wrapper.framework; name = CoreGraphics.framework; path = System/Library/Frameworks/CoreGraphics.framework; sourceTree = SDKROOT; };
		C4292E2018E4FA2F0048B63E /* UIKit.framework */ = {isa = PBXFileReference; lastKnownFileType = wrapper.framework; name = UIKit.framework; path = System/Library/Frameworks/UIKit.framework; sourceTree = SDKROOT; };
		C4292E3418E4FA2F0048B63E /* iPipeTests.xctest */ = {isa = PBXFileReference; explicitFileType = wrapper.cfbundle; includeInIndex = 0; path = iPipeTests.xctest; sourceTree = BUILT_PRODUCTS_DIR; };
		C4292E3518E4FA2F0048B63E /* XCTest.framework */ = {isa = PBXFileReference; lastKnownFileType = wrapper.framework; name = XCTest.framework; path = Library/Frameworks/XCTest.framework; sourceTree = DEVELOPER_DIR; };
		C4292E3D18E4FA2F0048B63E /* iPipeTests-Info.plist */ = {isa = PBXFileReference; lastKnownFileType = text.plist.xml; path = "iPipeTests-Info.plist"; sourceTree = "<group>"; };
		C4292E3F18E4FA2F0048B63E /* en */ = {isa = PBXFileReference; lastKnownFileType = text.plist.strings; name = en; path = en.lproj/InfoPlist.strings; sourceTree = "<group>"; };
		C4292E4118E4FA2F0048B63E /* iPipeTests.m */ = {isa = PBXFileReference; lastKnownFileType = sourcecode.c.objc; path = iPipeTests.m; sourceTree = "<group>"; };
		C4835165191D485400C4A919 /* water.gif */ = {isa = PBXFileReference; lastKnownFileType = image.gif; path = water.gif; sourceTree = "<group>"; };
		C4835167191D591D00C4A919 /* botonSalir.png */ = {isa = PBXFileReference; lastKnownFileType = image.png; path = botonSalir.png; sourceTree = "<group>"; };
		C4835169191D59CF00C4A919 /* empezar.png */ = {isa = PBXFileReference; lastKnownFileType = image.png; path = empezar.png; sourceTree = "<group>"; };
		C483516B191D5C5D00C4A919 /* queuebg.jpg */ = {isa = PBXFileReference; lastKnownFileType = image.jpeg; path = queuebg.jpg; sourceTree = "<group>"; };
		C4835171191D685C00C4A919 /* waterPantallas.mp3 */ = {isa = PBXFileReference; lastKnownFileType = audio.mp3; path = waterPantallas.mp3; sourceTree = "<group>"; };
		C4835172191D685C00C4A919 /* waterJuego.mp3 */ = {isa = PBXFileReference; lastKnownFileType = audio.mp3; path = waterJuego.mp3; sourceTree = "<group>"; };
		DAAD954B1921A339005D16CC /* DDMRankingViewController.h */ = {isa = PBXFileReference; fileEncoding = 4; lastKnownFileType = sourcecode.c.h; path = DDMRankingViewController.h; sourceTree = "<group>"; };
		DAAD954C1921A339005D16CC /* DDMRankingViewController.m */ = {isa = PBXFileReference; fileEncoding = 4; lastKnownFileType = sourcecode.c.objc; path = DDMRankingViewController.m; sourceTree = "<group>"; };
		DAAD954E1921A4D8005D16CC /* DDMRankingTableViewCell.h */ = {isa = PBXFileReference; fileEncoding = 4; lastKnownFileType = sourcecode.c.h; path = DDMRankingTableViewCell.h; sourceTree = "<group>"; };
		DAAD954F1921A4D8005D16CC /* DDMRankingTableViewCell.m */ = {isa = PBXFileReference; fileEncoding = 4; lastKnownFileType = sourcecode.c.objc; path = DDMRankingTableViewCell.m; sourceTree = "<group>"; };
		DAC199CE19225741004BEA6B /* 0.png */ = {isa = PBXFileReference; lastKnownFileType = image.png; name = 0.png; path = ../0.png; sourceTree = "<group>"; };
		DAC199CF19225741004BEA6B /* 1.png */ = {isa = PBXFileReference; lastKnownFileType = image.png; name = 1.png; path = ../1.png; sourceTree = "<group>"; };
		DAC199D019225741004BEA6B /* 2.png */ = {isa = PBXFileReference; lastKnownFileType = image.png; name = 2.png; path = ../2.png; sourceTree = "<group>"; };
		DAC199D119225741004BEA6B /* 3.png */ = {isa = PBXFileReference; lastKnownFileType = image.png; name = 3.png; path = ../3.png; sourceTree = "<group>"; };
		DAC199D219225741004BEA6B /* 4.png */ = {isa = PBXFileReference; lastKnownFileType = image.png; name = 4.png; path = ../4.png; sourceTree = "<group>"; };
		DAC199D319225741004BEA6B /* 5.png */ = {isa = PBXFileReference; lastKnownFileType = image.png; name = 5.png; path = ../5.png; sourceTree = "<group>"; };
		DAC199DA19225F61004BEA6B /* guardar.png */ = {isa = PBXFileReference; lastKnownFileType = image.png; name = guardar.png; path = ../botones/guardar.png; sourceTree = "<group>"; };
		DAC199DC19226E5C004BEA6B /* av.jpg */ = {isa = PBXFileReference; lastKnownFileType = image.jpeg; path = av.jpg; sourceTree = "<group>"; };
		DAC199DD19226E5C004BEA6B /* tec.jpg */ = {isa = PBXFileReference; lastKnownFileType = image.jpeg; path = tec.jpg; sourceTree = "<group>"; };
		DAC199DE19226E5C004BEA6B /* pepsico.jpg */ = {isa = PBXFileReference; lastKnownFileType = image.jpeg; path = pepsico.jpg; sourceTree = "<group>"; };
		DAC199E219227092004BEA6B /* DDMCreditosViewController.h */ = {isa = PBXFileReference; fileEncoding = 4; lastKnownFileType = sourcecode.c.h; path = DDMCreditosViewController.h; sourceTree = "<group>"; };
		DAC199E319227092004BEA6B /* DDMCreditosViewController.m */ = {isa = PBXFileReference; fileEncoding = 4; lastKnownFileType = sourcecode.c.objc; path = DDMCreditosViewController.m; sourceTree = "<group>"; };
		DAD0D858191E7DB30057B3BD /* Juego.h */ = {isa = PBXFileReference; fileEncoding = 4; lastKnownFileType = sourcecode.c.h; path = Juego.h; sourceTree = "<group>"; };
		DAD0D859191E7DB30057B3BD /* Juego.m */ = {isa = PBXFileReference; fileEncoding = 4; lastKnownFileType = sourcecode.c.objc; path = Juego.m; sourceTree = "<group>"; };
		DAD0D85B191E7DB40057B3BD /* Tip.h */ = {isa = PBXFileReference; fileEncoding = 4; lastKnownFileType = sourcecode.c.h; path = Tip.h; sourceTree = "<group>"; };
		DAD0D85C191E7DB40057B3BD /* Tip.m */ = {isa = PBXFileReference; fileEncoding = 4; lastKnownFileType = sourcecode.c.objc; path = Tip.m; sourceTree = "<group>"; };
		DAD0D85E191E7DB40057B3BD /* Ranking.h */ = {isa = PBXFileReference; fileEncoding = 4; lastKnownFileType = sourcecode.c.h; path = Ranking.h; sourceTree = "<group>"; };
		DAD0D85F191E7DB40057B3BD /* Ranking.m */ = {isa = PBXFileReference; fileEncoding = 4; lastKnownFileType = sourcecode.c.objc; path = Ranking.m; sourceTree = "<group>"; };
/* End PBXFileReference section */

/* Begin PBXFrameworksBuildPhase section */
		C4292E1618E4FA2F0048B63E /* Frameworks */ = {
			isa = PBXFrameworksBuildPhase;
			buildActionMask = 2147483647;
			files = (
				C4292E1F18E4FA2F0048B63E /* CoreGraphics.framework in Frameworks */,
				C4292E2118E4FA2F0048B63E /* UIKit.framework in Frameworks */,
				C4292E1D18E4FA2F0048B63E /* Foundation.framework in Frameworks */,
			);
			runOnlyForDeploymentPostprocessing = 0;
		};
		C4292E3118E4FA2F0048B63E /* Frameworks */ = {
			isa = PBXFrameworksBuildPhase;
			buildActionMask = 2147483647;
			files = (
				C4292E3618E4FA2F0048B63E /* XCTest.framework in Frameworks */,
				C4292E3818E4FA2F0048B63E /* UIKit.framework in Frameworks */,
				C4292E3718E4FA2F0048B63E /* Foundation.framework in Frameworks */,
			);
			runOnlyForDeploymentPostprocessing = 0;
		};
/* End PBXFrameworksBuildPhase section */

/* Begin PBXGroup section */
		9C500AA7190B9E5000FA0773 /* iPipe */ = {
			isa = PBXGroup;
			children = (
				DAD0D85E191E7DB40057B3BD /* Ranking.h */,
				DAD0D85F191E7DB40057B3BD /* Ranking.m */,
				DAD0D85B191E7DB40057B3BD /* Tip.h */,
				DAD0D85C191E7DB40057B3BD /* Tip.m */,
				DAD0D858191E7DB30057B3BD /* Juego.h */,
				DAD0D859191E7DB30057B3BD /* Juego.m */,
				C4835171191D685C00C4A919 /* waterPantallas.mp3 */,
				C4835172191D685C00C4A919 /* waterJuego.mp3 */,
				9C76799C19140285004A39E3 /* imagenes */,
				9C500AA8190B9E5000FA0773 /* botones */,
				9C500AB1190B9E5000FA0773 /* DDMAppDelegate.h */,
				9C500AB2190B9E5000FA0773 /* DDMAppDelegate.m */,
				9C500AB3190B9E5000FA0773 /* DDMCargarCellTableViewCell.h */,
				9C500AB4190B9E5000FA0773 /* DDMCargarCellTableViewCell.m */,
				9C500AB5190B9E5000FA0773 /* DDMCargarViewController.h */,
				DAAD954B1921A339005D16CC /* DDMRankingViewController.h */,
				DAAD954C1921A339005D16CC /* DDMRankingViewController.m */,
				9C500AB6190B9E5000FA0773 /* DDMCargarViewController.m */,
				9C500AB7190B9E5000FA0773 /* DDMInstruccionesViewController.h */,
				9C500AB8190B9E5000FA0773 /* DDMInstruccionesViewController.m */,
				9C500AB9190B9E5000FA0773 /* DDMjuegoNuevoViewController.h */,
				9C500ABA190B9E5000FA0773 /* DDMjuegoNuevoViewController.m */,
				DAC199E219227092004BEA6B /* DDMCreditosViewController.h */,
				DAC199E319227092004BEA6B /* DDMCreditosViewController.m */,
				9C500ABB190B9E5000FA0773 /* DDMJuegoViewController.h */,
				9C500ABC190B9E5000FA0773 /* DDMJuegoViewController.m */,
				9C500ABD190B9E5000FA0773 /* DDMManejoDB.h */,
				9C500ABE190B9E5000FA0773 /* DDMManejoDB.m */,
				9C500ABF190B9E5000FA0773 /* DDMMenuViewController.h */,
				9C500AC0190B9E5000FA0773 /* DDMMenuViewController.m */,
				9C500AC1190B9E5000FA0773 /* DDMMuestraTipViewController.h */,
				9C500AC2190B9E5000FA0773 /* DDMMuestraTipViewController.m */,
				9C500AC3190B9E5000FA0773 /* DDMPipe.h */,
				9C500AC4190B9E5000FA0773 /* DDMPipe.m */,
				9C500ADA190B9E5000FA0773 /* Storyboard.storyboard */,
				DAAD954E1921A4D8005D16CC /* DDMRankingTableViewCell.h */,
				DAAD954F1921A4D8005D16CC /* DDMRankingTableViewCell.m */,
				9C500AC5190B9E5000FA0773 /* DDMTieneJuego.h */,
				9C500AC6190B9E5000FA0773 /* DDMTile.h */,
				9C500AC7190B9E5000FA0773 /* DDMTile.m */,
				9C500AC8190B9E5000FA0773 /* InfoPlist.strings */,
				9C500AD2190B9E5000FA0773 /* Images.xcassets */,
				9C500AD3190B9E5000FA0773 /* iPipe-Info.plist */,
				9C500AD4190B9E5000FA0773 /* iPipe-Prefix.pch */,
				9C500AD7190B9E5000FA0773 /* main.m */,
				9C500AD8190B9E5000FA0773 /* Model.xcdatamodeld */,
			);
			path = iPipe;
			sourceTree = "<group>";
		};
		9C500AA8190B9E5000FA0773 /* botones */ = {
			isa = PBXGroup;
			children = (
				C4835169191D59CF00C4A919 /* empezar.png */,
				C4835167191D591D00C4A919 /* botonSalir.png */,
				9C500AA9190B9E5000FA0773 /* background.gif */,
				9C500AAA190B9E5000FA0773 /* Cargar.gif */,
				9C500AAB190B9E5000FA0773 /* Felicidades.gif */,
				9C500AAC190B9E5000FA0773 /* Instrucciones.gif */,
				9C500AAD190B9E5000FA0773 /* iPipe.gif */,
				9C500AAE190B9E5000FA0773 /* Play.gif */,
				9C500AAF190B9E5000FA0773 /* Scores.gif */,
				9C500AB0190B9E5000FA0773 /* star.gif */,
			);
			path = botones;
			sourceTree = "<group>";
		};
		9C76799C19140285004A39E3 /* imagenes */ = {
			isa = PBXGroup;
			children = (
				DAC199DC19226E5C004BEA6B /* av.jpg */,
				DAC199DD19226E5C004BEA6B /* tec.jpg */,
				DAC199DE19226E5C004BEA6B /* pepsico.jpg */,
				DAC199DA19225F61004BEA6B /* guardar.png */,
				DAC199CE19225741004BEA6B /* 0.png */,
				DAC199CF19225741004BEA6B /* 1.png */,
				DAC199D019225741004BEA6B /* 2.png */,
				DAC199D119225741004BEA6B /* 3.png */,
				DAC199D219225741004BEA6B /* 4.png */,
				DAC199D319225741004BEA6B /* 5.png */,
				C4835165191D485400C4A919 /* water.gif */,
				9C76799D19140285004A39E3 /* dl.png */,
				9C76799E19140285004A39E3 /* dlw.png */,
				9C76799F19140285004A39E3 /* dr.png */,
				9C7679A019140285004A39E3 /* drain.png */,
				C483516B191D5C5D00C4A919 /* queuebg.jpg */,
				9C7679A119140285004A39E3 /* drw.png */,
				9C7679BB1914774D004A39E3 /* prog.jpg */,
				9C7679A219140285004A39E3 /* faucet.png */,
				9C7679A319140285004A39E3 /* fondo.png */,
				9C7679A419140285004A39E3 /* lr.png */,
				9C7679A519140285004A39E3 /* lrw.png */,
				9C7679A619140285004A39E3 /* ud.png */,
				9C7679A719140285004A39E3 /* udw.png */,
				9C7679A819140285004A39E3 /* ul.png */,
				9C7679A919140285004A39E3 /* ulw.png */,
				9C7679AA19140285004A39E3 /* ur.png */,
				9C7679AB19140285004A39E3 /* urw.png */,
			);
			path = imagenes;
			sourceTree = "<group>";
		};
		C4292E1018E4FA2F0048B63E = {
			isa = PBXGroup;
			children = (
				9C500AA7190B9E5000FA0773 /* iPipe */,
				C4292E3B18E4FA2F0048B63E /* iPipeTests */,
				C4292E1B18E4FA2F0048B63E /* Frameworks */,
				C4292E1A18E4FA2F0048B63E /* Products */,
			);
			sourceTree = "<group>";
		};
		C4292E1A18E4FA2F0048B63E /* Products */ = {
			isa = PBXGroup;
			children = (
				C4292E1918E4FA2F0048B63E /* iPipe.app */,
				C4292E3418E4FA2F0048B63E /* iPipeTests.xctest */,
			);
			name = Products;
			sourceTree = "<group>";
		};
		C4292E1B18E4FA2F0048B63E /* Frameworks */ = {
			isa = PBXGroup;
			children = (
				C4292E1C18E4FA2F0048B63E /* Foundation.framework */,
				C4292E1E18E4FA2F0048B63E /* CoreGraphics.framework */,
				C4292E2018E4FA2F0048B63E /* UIKit.framework */,
				C4292E3518E4FA2F0048B63E /* XCTest.framework */,
			);
			name = Frameworks;
			sourceTree = "<group>";
		};
		C4292E3B18E4FA2F0048B63E /* iPipeTests */ = {
			isa = PBXGroup;
			children = (
				C4292E4118E4FA2F0048B63E /* iPipeTests.m */,
				C4292E3C18E4FA2F0048B63E /* Supporting Files */,
			);
			path = iPipeTests;
			sourceTree = "<group>";
		};
		C4292E3C18E4FA2F0048B63E /* Supporting Files */ = {
			isa = PBXGroup;
			children = (
				C4292E3D18E4FA2F0048B63E /* iPipeTests-Info.plist */,
				C4292E3E18E4FA2F0048B63E /* InfoPlist.strings */,
			);
			name = "Supporting Files";
			sourceTree = "<group>";
		};
/* End PBXGroup section */

/* Begin PBXNativeTarget section */
		C4292E1818E4FA2F0048B63E /* iPipe */ = {
			isa = PBXNativeTarget;
			buildConfigurationList = C4292E4518E4FA2F0048B63E /* Build configuration list for PBXNativeTarget "iPipe" */;
			buildPhases = (
				C4292E1518E4FA2F0048B63E /* Sources */,
				C4292E1618E4FA2F0048B63E /* Frameworks */,
				C4292E1718E4FA2F0048B63E /* Resources */,
			);
			buildRules = (
			);
			dependencies = (
			);
			name = iPipe;
			productName = iPipe;
			productReference = C4292E1918E4FA2F0048B63E /* iPipe.app */;
			productType = "com.apple.product-type.application";
		};
		C4292E3318E4FA2F0048B63E /* iPipeTests */ = {
			isa = PBXNativeTarget;
			buildConfigurationList = C4292E4818E4FA2F0048B63E /* Build configuration list for PBXNativeTarget "iPipeTests" */;
			buildPhases = (
				C4292E3018E4FA2F0048B63E /* Sources */,
				C4292E3118E4FA2F0048B63E /* Frameworks */,
				C4292E3218E4FA2F0048B63E /* Resources */,
			);
			buildRules = (
			);
			dependencies = (
				C4292E3A18E4FA2F0048B63E /* PBXTargetDependency */,
			);
			name = iPipeTests;
			productName = iPipeTests;
			productReference = C4292E3418E4FA2F0048B63E /* iPipeTests.xctest */;
			productType = "com.apple.product-type.bundle.unit-test";
		};
/* End PBXNativeTarget section */

/* Begin PBXProject section */
		C4292E1118E4FA2F0048B63E /* Project object */ = {
			isa = PBXProject;
			attributes = {
				CLASSPREFIX = DDM;
				LastUpgradeCheck = 0510;
				ORGANIZATIONNAME = "Ivan Diaz";
				TargetAttributes = {
					C4292E3318E4FA2F0048B63E = {
						TestTargetID = C4292E1818E4FA2F0048B63E;
					};
				};
			};
			buildConfigurationList = C4292E1418E4FA2F0048B63E /* Build configuration list for PBXProject "iPipe" */;
			compatibilityVersion = "Xcode 3.2";
			developmentRegion = English;
			hasScannedForEncodings = 0;
			knownRegions = (
				en,
			);
			mainGroup = C4292E1018E4FA2F0048B63E;
			productRefGroup = C4292E1A18E4FA2F0048B63E /* Products */;
			projectDirPath = "";
			projectRoot = "";
			targets = (
				C4292E1818E4FA2F0048B63E /* iPipe */,
				C4292E3318E4FA2F0048B63E /* iPipeTests */,
			);
		};
/* End PBXProject section */

/* Begin PBXResourcesBuildPhase section */
		C4292E1718E4FA2F0048B63E /* Resources */ = {
			isa = PBXResourcesBuildPhase;
			buildActionMask = 2147483647;
			files = (
				DAC199E019226E5C004BEA6B /* tec.jpg in Resources */,
				9C7679B119140285004A39E3 /* faucet.png in Resources */,
				9C500AE0190B9E5000FA0773 /* Instrucciones.gif in Resources */,
				9C7679AF19140285004A39E3 /* drain.png in Resources */,
				DAC199D819225741004BEA6B /* 4.png in Resources */,
				C4835168191D591D00C4A919 /* botonSalir.png in Resources */,
				9C7679BC1914774D004A39E3 /* prog.jpg in Resources */,
				DAC199D719225741004BEA6B /* 3.png in Resources */,
				9C7679AC19140285004A39E3 /* dl.png in Resources */,
				9C500AF0190B9E5000FA0773 /* InfoPlist.strings in Resources */,
				9C500ADE190B9E5000FA0773 /* Cargar.gif in Resources */,
				C483516C191D5C5D00C4A919 /* queuebg.jpg in Resources */,
				DAC199D619225741004BEA6B /* 2.png in Resources */,
				DAC199D519225741004BEA6B /* 1.png in Resources */,
				C4835166191D485500C4A919 /* water.gif in Resources */,
				9C500AE3190B9E5000FA0773 /* Scores.gif in Resources */,
				9C500ADF190B9E5000FA0773 /* Felicidades.gif in Resources */,
				C4835173191D685C00C4A919 /* waterPantallas.mp3 in Resources */,
				C4835174191D685C00C4A919 /* waterJuego.mp3 in Resources */,
				9C7679AD19140285004A39E3 /* dlw.png in Resources */,
				9C500AF8190B9E5000FA0773 /* Images.xcassets in Resources */,
				DAC199E119226E5C004BEA6B /* pepsico.jpg in Resources */,
				9C7679B319140285004A39E3 /* lr.png in Resources */,
				DAC199D919225741004BEA6B /* 5.png in Resources */,
				9C500AF9190B9E5000FA0773 /* iPipe-Info.plist in Resources */,
				9C500AE2190B9E5000FA0773 /* Play.gif in Resources */,
				9C7679B919140285004A39E3 /* ur.png in Resources */,
				C483516A191D59CF00C4A919 /* empezar.png in Resources */,
				9C7679B419140285004A39E3 /* lrw.png in Resources */,
				DAC199DB19225F61004BEA6B /* guardar.png in Resources */,
				9C500AE1190B9E5000FA0773 /* iPipe.gif in Resources */,
				9C7679B719140285004A39E3 /* ul.png in Resources */,
				DAC199DF19226E5C004BEA6B /* av.jpg in Resources */,
				9C500ADD190B9E5000FA0773 /* background.gif in Resources */,
				9C7679B219140285004A39E3 /* fondo.png in Resources */,
				9C500AFD190B9E5000FA0773 /* Storyboard.storyboard in Resources */,
				9C7679BA19140285004A39E3 /* urw.png in Resources */,
				9C7679B619140285004A39E3 /* udw.png in Resources */,
				9C7679B819140285004A39E3 /* ulw.png in Resources */,
				9C500AE4190B9E5000FA0773 /* star.gif in Resources */,
				DAC199D419225741004BEA6B /* 0.png in Resources */,
				9C7679B519140285004A39E3 /* ud.png in Resources */,
				9C7679B019140285004A39E3 /* drw.png in Resources */,
				9C7679AE19140285004A39E3 /* dr.png in Resources */,
			);
			runOnlyForDeploymentPostprocessing = 0;
		};
		C4292E3218E4FA2F0048B63E /* Resources */ = {
			isa = PBXResourcesBuildPhase;
			buildActionMask = 2147483647;
			files = (
				C4292E4018E4FA2F0048B63E /* InfoPlist.strings in Resources */,
			);
			runOnlyForDeploymentPostprocessing = 0;
		};
/* End PBXResourcesBuildPhase section */

/* Begin PBXSourcesBuildPhase section */
		C4292E1518E4FA2F0048B63E /* Sources */ = {
			isa = PBXSourcesBuildPhase;
			buildActionMask = 2147483647;
			files = (
				9C500AEA190B9E5000FA0773 /* DDMJuegoViewController.m in Sources */,
				9C500AE6190B9E5000FA0773 /* DDMCargarCellTableViewCell.m in Sources */,
				9C500AEE190B9E5000FA0773 /* DDMPipe.m in Sources */,
				9C500AE8190B9E5000FA0773 /* DDMInstruccionesViewController.m in Sources */,
				DAAD95501921A4D8005D16CC /* DDMRankingTableViewCell.m in Sources */,
				9C500AEC190B9E5000FA0773 /* DDMMenuViewController.m in Sources */,
				9C500AED190B9E5000FA0773 /* DDMMuestraTipViewController.m in Sources */,
				DAC199E419227092004BEA6B /* DDMCreditosViewController.m in Sources */,
				9C500AE7190B9E5000FA0773 /* DDMCargarViewController.m in Sources */,
				9C500AEB190B9E5000FA0773 /* DDMManejoDB.m in Sources */,
				DAAD954D1921A339005D16CC /* DDMRankingViewController.m in Sources */,
				DAD0D85A191E7DB30057B3BD /* Juego.m in Sources */,
				DAD0D85D191E7DB40057B3BD /* Tip.m in Sources */,
				9C500AE9190B9E5000FA0773 /* DDMjuegoNuevoViewController.m in Sources */,
				9C500AEF190B9E5000FA0773 /* DDMTile.m in Sources */,
				9C500AE5190B9E5000FA0773 /* DDMAppDelegate.m in Sources */,
				9C500AFB190B9E5000FA0773 /* main.m in Sources */,
				DAD0D860191E7DB40057B3BD /* Ranking.m in Sources */,
				9C500AFC190B9E5000FA0773 /* Model.xcdatamodeld in Sources */,
			);
			runOnlyForDeploymentPostprocessing = 0;
		};
		C4292E3018E4FA2F0048B63E /* Sources */ = {
			isa = PBXSourcesBuildPhase;
			buildActionMask = 2147483647;
			files = (
				C4292E4218E4FA2F0048B63E /* iPipeTests.m in Sources */,
			);
			runOnlyForDeploymentPostprocessing = 0;
		};
/* End PBXSourcesBuildPhase section */

/* Begin PBXTargetDependency section */
		C4292E3A18E4FA2F0048B63E /* PBXTargetDependency */ = {
			isa = PBXTargetDependency;
			target = C4292E1818E4FA2F0048B63E /* iPipe */;
			targetProxy = C4292E3918E4FA2F0048B63E /* PBXContainerItemProxy */;
		};
/* End PBXTargetDependency section */

/* Begin PBXVariantGroup section */
		9C500AC8190B9E5000FA0773 /* InfoPlist.strings */ = {
			isa = PBXVariantGroup;
			children = (
				9C500AC9190B9E5000FA0773 /* en */,
			);
			name = InfoPlist.strings;
			sourceTree = "<group>";
		};
		C4292E3E18E4FA2F0048B63E /* InfoPlist.strings */ = {
			isa = PBXVariantGroup;
			children = (
				C4292E3F18E4FA2F0048B63E /* en */,
			);
			name = InfoPlist.strings;
			sourceTree = "<group>";
		};
/* End PBXVariantGroup section */

/* Begin XCBuildConfiguration section */
		C4292E4318E4FA2F0048B63E /* Debug */ = {
			isa = XCBuildConfiguration;
			buildSettings = {
				ALWAYS_SEARCH_USER_PATHS = NO;
				CLANG_CXX_LANGUAGE_STANDARD = "gnu++0x";
				CLANG_CXX_LIBRARY = "libc++";
				CLANG_ENABLE_MODULES = YES;
				CLANG_ENABLE_OBJC_ARC = YES;
				CLANG_WARN_BOOL_CONVERSION = YES;
				CLANG_WARN_CONSTANT_CONVERSION = YES;
				CLANG_WARN_DIRECT_OBJC_ISA_USAGE = YES_ERROR;
				CLANG_WARN_EMPTY_BODY = YES;
				CLANG_WARN_ENUM_CONVERSION = YES;
				CLANG_WARN_INT_CONVERSION = YES;
				CLANG_WARN_OBJC_ROOT_CLASS = YES_ERROR;
				CLANG_WARN__DUPLICATE_METHOD_MATCH = YES;
				"CODE_SIGN_IDENTITY[sdk=iphoneos*]" = "iPhone Developer";
				COPY_PHASE_STRIP = NO;
				GCC_C_LANGUAGE_STANDARD = gnu99;
				GCC_DYNAMIC_NO_PIC = NO;
				GCC_OPTIMIZATION_LEVEL = 0;
				GCC_PREPROCESSOR_DEFINITIONS = (
					"DEBUG=1",
					"$(inherited)",
				);
				GCC_SYMBOLS_PRIVATE_EXTERN = NO;
				GCC_WARN_64_TO_32_BIT_CONVERSION = YES;
				GCC_WARN_ABOUT_RETURN_TYPE = YES_ERROR;
				GCC_WARN_UNDECLARED_SELECTOR = YES;
				GCC_WARN_UNINITIALIZED_AUTOS = YES_AGGRESSIVE;
				GCC_WARN_UNUSED_FUNCTION = YES;
				GCC_WARN_UNUSED_VARIABLE = YES;
				IPHONEOS_DEPLOYMENT_TARGET = 7.1;
				ONLY_ACTIVE_ARCH = YES;
				SDKROOT = iphoneos;
			};
			name = Debug;
		};
		C4292E4418E4FA2F0048B63E /* Release */ = {
			isa = XCBuildConfiguration;
			buildSettings = {
				ALWAYS_SEARCH_USER_PATHS = NO;
				CLANG_CXX_LANGUAGE_STANDARD = "gnu++0x";
				CLANG_CXX_LIBRARY = "libc++";
				CLANG_ENABLE_MODULES = YES;
				CLANG_ENABLE_OBJC_ARC = YES;
				CLANG_WARN_BOOL_CONVERSION = YES;
				CLANG_WARN_CONSTANT_CONVERSION = YES;
				CLANG_WARN_DIRECT_OBJC_ISA_USAGE = YES_ERROR;
				CLANG_WARN_EMPTY_BODY = YES;
				CLANG_WARN_ENUM_CONVERSION = YES;
				CLANG_WARN_INT_CONVERSION = YES;
				CLANG_WARN_OBJC_ROOT_CLASS = YES_ERROR;
				CLANG_WARN__DUPLICATE_METHOD_MATCH = YES;
				"CODE_SIGN_IDENTITY[sdk=iphoneos*]" = "iPhone Developer";
				COPY_PHASE_STRIP = YES;
				ENABLE_NS_ASSERTIONS = NO;
				GCC_C_LANGUAGE_STANDARD = gnu99;
				GCC_WARN_64_TO_32_BIT_CONVERSION = YES;
				GCC_WARN_ABOUT_RETURN_TYPE = YES_ERROR;
				GCC_WARN_UNDECLARED_SELECTOR = YES;
				GCC_WARN_UNINITIALIZED_AUTOS = YES_AGGRESSIVE;
				GCC_WARN_UNUSED_FUNCTION = YES;
				GCC_WARN_UNUSED_VARIABLE = YES;
				IPHONEOS_DEPLOYMENT_TARGET = 7.1;
				SDKROOT = iphoneos;
				VALIDATE_PRODUCT = YES;
			};
			name = Release;
		};
		C4292E4618E4FA2F0048B63E /* Debug */ = {
			isa = XCBuildConfiguration;
			buildSettings = {
				ASSETCATALOG_COMPILER_APPICON_NAME = AppIcon;
				ASSETCATALOG_COMPILER_LAUNCHIMAGE_NAME = LaunchImage;
				GCC_PRECOMPILE_PREFIX_HEADER = YES;
				GCC_PREFIX_HEADER = "iPipe/iPipe-Prefix.pch";
				INFOPLIST_FILE = "iPipe/iPipe-Info.plist";
				PRODUCT_NAME = "$(TARGET_NAME)";
				WRAPPER_EXTENSION = app;
			};
			name = Debug;
		};
		C4292E4718E4FA2F0048B63E /* Release */ = {
			isa = XCBuildConfiguration;
			buildSettings = {
				ASSETCATALOG_COMPILER_APPICON_NAME = AppIcon;
				ASSETCATALOG_COMPILER_LAUNCHIMAGE_NAME = LaunchImage;
				GCC_PRECOMPILE_PREFIX_HEADER = YES;
				GCC_PREFIX_HEADER = "iPipe/iPipe-Prefix.pch";
				INFOPLIST_FILE = "iPipe/iPipe-Info.plist";
				PRODUCT_NAME = "$(TARGET_NAME)";
				WRAPPER_EXTENSION = app;
			};
			name = Release;
		};
		C4292E4918E4FA2F0048B63E /* Debug */ = {
			isa = XCBuildConfiguration;
			buildSettings = {
				BUNDLE_LOADER = "$(BUILT_PRODUCTS_DIR)/iPipe.app/iPipe";
				FRAMEWORK_SEARCH_PATHS = (
					"$(SDKROOT)/Developer/Library/Frameworks",
					"$(inherited)",
					"$(DEVELOPER_FRAMEWORKS_DIR)",
				);
				GCC_PRECOMPILE_PREFIX_HEADER = YES;
				GCC_PREFIX_HEADER = "iPipe/iPipe-Prefix.pch";
				GCC_PREPROCESSOR_DEFINITIONS = (
					"DEBUG=1",
					"$(inherited)",
				);
				INFOPLIST_FILE = "iPipeTests/iPipeTests-Info.plist";
				PRODUCT_NAME = "$(TARGET_NAME)";
				TEST_HOST = "$(BUNDLE_LOADER)";
				WRAPPER_EXTENSION = xctest;
			};
			name = Debug;
		};
		C4292E4A18E4FA2F0048B63E /* Release */ = {
			isa = XCBuildConfiguration;
			buildSettings = {
				BUNDLE_LOADER = "$(BUILT_PRODUCTS_DIR)/iPipe.app/iPipe";
				FRAMEWORK_SEARCH_PATHS = (
					"$(SDKROOT)/Developer/Library/Frameworks",
					"$(inherited)",
					"$(DEVELOPER_FRAMEWORKS_DIR)",
				);
				GCC_PRECOMPILE_PREFIX_HEADER = YES;
				GCC_PREFIX_HEADER = "iPipe/iPipe-Prefix.pch";
				INFOPLIST_FILE = "iPipeTests/iPipeTests-Info.plist";
				PRODUCT_NAME = "$(TARGET_NAME)";
				TEST_HOST = "$(BUNDLE_LOADER)";
				WRAPPER_EXTENSION = xctest;
			};
			name = Release;
		};
/* End XCBuildConfiguration section */

/* Begin XCConfigurationList section */
		C4292E1418E4FA2F0048B63E /* Build configuration list for PBXProject "iPipe" */ = {
			isa = XCConfigurationList;
			buildConfigurations = (
				C4292E4318E4FA2F0048B63E /* Debug */,
				C4292E4418E4FA2F0048B63E /* Release */,
			);
			defaultConfigurationIsVisible = 0;
			defaultConfigurationName = Release;
		};
		C4292E4518E4FA2F0048B63E /* Build configuration list for PBXNativeTarget "iPipe" */ = {
			isa = XCConfigurationList;
			buildConfigurations = (
				C4292E4618E4FA2F0048B63E /* Debug */,
				C4292E4718E4FA2F0048B63E /* Release */,
			);
			defaultConfigurationIsVisible = 0;
			defaultConfigurationName = Release;
		};
		C4292E4818E4FA2F0048B63E /* Build configuration list for PBXNativeTarget "iPipeTests" */ = {
			isa = XCConfigurationList;
			buildConfigurations = (
				C4292E4918E4FA2F0048B63E /* Debug */,
				C4292E4A18E4FA2F0048B63E /* Release */,
			);
			defaultConfigurationIsVisible = 0;
			defaultConfigurationName = Release;
		};
/* End XCConfigurationList section */

/* Begin XCVersionGroup section */
		9C500AD8190B9E5000FA0773 /* Model.xcdatamodeld */ = {
			isa = XCVersionGroup;
			children = (
				9C500AD9190B9E5000FA0773 /* Model.xcdatamodel */,
			);
			currentVersion = 9C500AD9190B9E5000FA0773 /* Model.xcdatamodel */;
			path = Model.xcdatamodeld;
			sourceTree = "<group>";
			versionGroupType = wrapper.xcdatamodel;
		};
/* End XCVersionGroup section */
	};
	rootObject = C4292E1118E4FA2F0048B63E /* Project object */;
}
